// !$*UTF8*$!
{
	archiveVersion = 1;
	classes = {
	};
	objectVersion = 55;
	objects = {

/* Begin PBXBuildFile section */
		BE0B7A402750713D003D0BE5 /* Scandit.swift in Sources */ = {isa = PBXBuildFile; fileRef = BE0B7A3F2750713D003D0BE5 /* Scandit.swift */; };
		BE2E294C2A3C37DD0087D794 /* DBRLicenseInitializer.swift in Sources */ = {isa = PBXBuildFile; fileRef = BE2E294B2A3C37DD0087D794 /* DBRLicenseInitializer.swift */; };
		BE408BD3276845BD0087F717 /* ZXing.swift in Sources */ = {isa = PBXBuildFile; fileRef = BE408BD2276845BD0087F717 /* ZXing.swift */; };
		BE565523274F608C006A6DB5 /* Server.swift in Sources */ = {isa = PBXBuildFile; fileRef = BE565522274F608C006A6DB5 /* Server.swift */; };
		BECEDB68274DDC8D003A8578 /* Aggregator.swift in Sources */ = {isa = PBXBuildFile; fileRef = BECEDB67274DDC8D003A8578 /* Aggregator.swift */; };
		BECEDB6A274DDE40003A8578 /* DBR.swift in Sources */ = {isa = PBXBuildFile; fileRef = BECEDB69274DDE40003A8578 /* DBR.swift */; };
		BECEDB70274DE774003A8578 /* Reader.swift in Sources */ = {isa = PBXBuildFile; fileRef = BECEDB6F274DE774003A8578 /* Reader.swift */; };
		BECEDB72274E00A9003A8578 /* MLKit.swift in Sources */ = {isa = PBXBuildFile; fileRef = BECEDB71274E00A9003A8578 /* MLKit.swift */; };
		BECEDB74274E09B1003A8578 /* AppleVision.swift in Sources */ = {isa = PBXBuildFile; fileRef = BECEDB73274E09B1003A8578 /* AppleVision.swift */; };
		BEE61DAE274CE6E800F619B7 /* barcodesdkaggregatorApp.swift in Sources */ = {isa = PBXBuildFile; fileRef = BEE61DAD274CE6E800F619B7 /* barcodesdkaggregatorApp.swift */; };
		BEE61DB0274CE6E800F619B7 /* ContentView.swift in Sources */ = {isa = PBXBuildFile; fileRef = BEE61DAF274CE6E800F619B7 /* ContentView.swift */; };
		BEE61DB2274CE6EA00F619B7 /* Assets.xcassets in Resources */ = {isa = PBXBuildFile; fileRef = BEE61DB1274CE6EA00F619B7 /* Assets.xcassets */; };
		BEE61DB5274CE6EA00F619B7 /* Preview Assets.xcassets in Resources */ = {isa = PBXBuildFile; fileRef = BEE61DB4274CE6EA00F619B7 /* Preview Assets.xcassets */; };
		E9CD194A16F3F8C4D6632E87 /* Pods_barcodesdkaggregator.framework in Frameworks */ = {isa = PBXBuildFile; fileRef = BC0D5CB3D0F2DECAC588DD23 /* Pods_barcodesdkaggregator.framework */; };
/* End PBXBuildFile section */

/* Begin PBXFileReference section */
		88024473C72C048497CFCE79 /* Pods-barcodesdkaggregator.debug.xcconfig */ = {isa = PBXFileReference; includeInIndex = 1; lastKnownFileType = text.xcconfig; name = "Pods-barcodesdkaggregator.debug.xcconfig"; path = "Target Support Files/Pods-barcodesdkaggregator/Pods-barcodesdkaggregator.debug.xcconfig"; sourceTree = "<group>"; };
		8D927D8FBF903CBAD3320B87 /* Pods-barcodesdkaggregator.release.xcconfig */ = {isa = PBXFileReference; includeInIndex = 1; lastKnownFileType = text.xcconfig; name = "Pods-barcodesdkaggregator.release.xcconfig"; path = "Target Support Files/Pods-barcodesdkaggregator/Pods-barcodesdkaggregator.release.xcconfig"; sourceTree = "<group>"; };
		BC0D5CB3D0F2DECAC588DD23 /* Pods_barcodesdkaggregator.framework */ = {isa = PBXFileReference; explicitFileType = wrapper.framework; includeInIndex = 0; path = Pods_barcodesdkaggregator.framework; sourceTree = BUILT_PRODUCTS_DIR; };
		BE0B7A3F2750713D003D0BE5 /* Scandit.swift */ = {isa = PBXFileReference; lastKnownFileType = sourcecode.swift; path = Scandit.swift; sourceTree = "<group>"; };
		BE0B7A412750CA0E003D0BE5 /* barcodesdkaggregator.entitlements */ = {isa = PBXFileReference; lastKnownFileType = text.plist.entitlements; path = barcodesdkaggregator.entitlements; sourceTree = "<group>"; };
		BE2E294B2A3C37DD0087D794 /* DBRLicenseInitializer.swift */ = {isa = PBXFileReference; lastKnownFileType = sourcecode.swift; path = DBRLicenseInitializer.swift; sourceTree = "<group>"; };
		BE408BD2276845BD0087F717 /* ZXing.swift */ = {isa = PBXFileReference; lastKnownFileType = sourcecode.swift; path = ZXing.swift; sourceTree = "<group>"; };
		BE565522274F608C006A6DB5 /* Server.swift */ = {isa = PBXFileReference; lastKnownFileType = sourcecode.swift; path = Server.swift; sourceTree = "<group>"; };
		BECEDB67274DDC8D003A8578 /* Aggregator.swift */ = {isa = PBXFileReference; lastKnownFileType = sourcecode.swift; path = Aggregator.swift; sourceTree = "<group>"; };
		BECEDB69274DDE40003A8578 /* DBR.swift */ = {isa = PBXFileReference; lastKnownFileType = sourcecode.swift; path = DBR.swift; sourceTree = "<group>"; };
		BECEDB6F274DE774003A8578 /* Reader.swift */ = {isa = PBXFileReference; lastKnownFileType = sourcecode.swift; path = Reader.swift; sourceTree = "<group>"; };
		BECEDB71274E00A9003A8578 /* MLKit.swift */ = {isa = PBXFileReference; lastKnownFileType = sourcecode.swift; path = MLKit.swift; sourceTree = "<group>"; };
		BECEDB73274E09B1003A8578 /* AppleVision.swift */ = {isa = PBXFileReference; lastKnownFileType = sourcecode.swift; path = AppleVision.swift; sourceTree = "<group>"; };
		BEE61DAA274CE6E800F619B7 /* barcodesdkaggregator.app */ = {isa = PBXFileReference; explicitFileType = wrapper.application; includeInIndex = 0; path = barcodesdkaggregator.app; sourceTree = BUILT_PRODUCTS_DIR; };
		BEE61DAD274CE6E800F619B7 /* barcodesdkaggregatorApp.swift */ = {isa = PBXFileReference; lastKnownFileType = sourcecode.swift; path = barcodesdkaggregatorApp.swift; sourceTree = "<group>"; };
		BEE61DAF274CE6E800F619B7 /* ContentView.swift */ = {isa = PBXFileReference; lastKnownFileType = sourcecode.swift; path = ContentView.swift; sourceTree = "<group>"; };
		BEE61DB1274CE6EA00F619B7 /* Assets.xcassets */ = {isa = PBXFileReference; lastKnownFileType = folder.assetcatalog; path = Assets.xcassets; sourceTree = "<group>"; };
		BEE61DB4274CE6EA00F619B7 /* Preview Assets.xcassets */ = {isa = PBXFileReference; lastKnownFileType = folder.assetcatalog; path = "Preview Assets.xcassets"; sourceTree = "<group>"; };
/* End PBXFileReference section */

/* Begin PBXFrameworksBuildPhase section */
		BEE61DA7274CE6E800F619B7 /* Frameworks */ = {
			isa = PBXFrameworksBuildPhase;
			buildActionMask = 2147483647;
			files = (
				E9CD194A16F3F8C4D6632E87 /* Pods_barcodesdkaggregator.framework in Frameworks */,
			);
			runOnlyForDeploymentPostprocessing = 0;
		};
/* End PBXFrameworksBuildPhase section */

/* Begin PBXGroup section */
		5C7458D124CA98B5B0DC6ED6 /* Frameworks */ = {
			isa = PBXGroup;
			children = (
				BC0D5CB3D0F2DECAC588DD23 /* Pods_barcodesdkaggregator.framework */,
			);
			name = Frameworks;
			sourceTree = "<group>";
		};
		5CC8A21B94E5C1CFD7EDE560 /* Pods */ = {
			isa = PBXGroup;
			children = (
				88024473C72C048497CFCE79 /* Pods-barcodesdkaggregator.debug.xcconfig */,
				8D927D8FBF903CBAD3320B87 /* Pods-barcodesdkaggregator.release.xcconfig */,
			);
			path = Pods;
			sourceTree = "<group>";
		};
		BEE61DA1274CE6E800F619B7 = {
			isa = PBXGroup;
			children = (
				BEE61DAC274CE6E800F619B7 /* barcodesdkaggregator */,
				BEE61DAB274CE6E800F619B7 /* Products */,
				5CC8A21B94E5C1CFD7EDE560 /* Pods */,
				5C7458D124CA98B5B0DC6ED6 /* Frameworks */,
			);
			sourceTree = "<group>";
		};
		BEE61DAB274CE6E800F619B7 /* Products */ = {
			isa = PBXGroup;
			children = (
				BEE61DAA274CE6E800F619B7 /* barcodesdkaggregator.app */,
			);
			name = Products;
			sourceTree = "<group>";
		};
		BEE61DAC274CE6E800F619B7 /* barcodesdkaggregator */ = {
			isa = PBXGroup;
			children = (
				BE0B7A412750CA0E003D0BE5 /* barcodesdkaggregator.entitlements */,
				BEE61DAD274CE6E800F619B7 /* barcodesdkaggregatorApp.swift */,
				BEE61DAF274CE6E800F619B7 /* ContentView.swift */,
				BEE61DB1274CE6EA00F619B7 /* Assets.xcassets */,
				BEE61DB3274CE6EA00F619B7 /* Preview Content */,
				BECEDB67274DDC8D003A8578 /* Aggregator.swift */,
				BECEDB69274DDE40003A8578 /* DBR.swift */,
				BECEDB6F274DE774003A8578 /* Reader.swift */,
				BECEDB71274E00A9003A8578 /* MLKit.swift */,
				BECEDB73274E09B1003A8578 /* AppleVision.swift */,
				BE565522274F608C006A6DB5 /* Server.swift */,
				BE0B7A3F2750713D003D0BE5 /* Scandit.swift */,
				BE408BD2276845BD0087F717 /* ZXing.swift */,
				BE2E294B2A3C37DD0087D794 /* DBRLicenseInitializer.swift */,
			);
			path = barcodesdkaggregator;
			sourceTree = "<group>";
		};
		BEE61DB3274CE6EA00F619B7 /* Preview Content */ = {
			isa = PBXGroup;
			children = (
				BEE61DB4274CE6EA00F619B7 /* Preview Assets.xcassets */,
			);
			path = "Preview Content";
			sourceTree = "<group>";
		};
/* End PBXGroup section */

/* Begin PBXNativeTarget section */
		BEE61DA9274CE6E800F619B7 /* barcodesdkaggregator */ = {
			isa = PBXNativeTarget;
			buildConfigurationList = BEE61DB8274CE6EA00F619B7 /* Build configuration list for PBXNativeTarget "barcodesdkaggregator" */;
			buildPhases = (
				B21C701D00F729679BDBD715 /* [CP] Check Pods Manifest.lock */,
				BEE61DA6274CE6E800F619B7 /* Sources */,
				BEE61DA7274CE6E800F619B7 /* Frameworks */,
				BEE61DA8274CE6E800F619B7 /* Resources */,
				2A3C82FF057A261BEB646907 /* [CP] Embed Pods Frameworks */,
			);
			buildRules = (
			);
			dependencies = (
			);
			name = barcodesdkaggregator;
			productName = barcodesdkaggregator;
			productReference = BEE61DAA274CE6E800F619B7 /* barcodesdkaggregator.app */;
			productType = "com.apple.product-type.application";
		};
/* End PBXNativeTarget section */

/* Begin PBXProject section */
		BEE61DA2274CE6E800F619B7 /* Project object */ = {
			isa = PBXProject;
			attributes = {
				BuildIndependentTargetsInParallel = 1;
				LastSwiftUpdateCheck = 1310;
				LastUpgradeCheck = 1310;
				TargetAttributes = {
					BEE61DA9274CE6E800F619B7 = {
						CreatedOnToolsVersion = 13.1;
					};
				};
			};
			buildConfigurationList = BEE61DA5274CE6E800F619B7 /* Build configuration list for PBXProject "barcodesdkaggregator" */;
			compatibilityVersion = "Xcode 13.0";
			developmentRegion = en;
			hasScannedForEncodings = 0;
			knownRegions = (
				en,
				Base,
			);
			mainGroup = BEE61DA1274CE6E800F619B7;
			productRefGroup = BEE61DAB274CE6E800F619B7 /* Products */;
			projectDirPath = "";
			projectRoot = "";
			targets = (
				BEE61DA9274CE6E800F619B7 /* barcodesdkaggregator */,
			);
		};
/* End PBXProject section */

/* Begin PBXResourcesBuildPhase section */
		BEE61DA8274CE6E800F619B7 /* Resources */ = {
			isa = PBXResourcesBuildPhase;
			buildActionMask = 2147483647;
			files = (
				BEE61DB5274CE6EA00F619B7 /* Preview Assets.xcassets in Resources */,
				BEE61DB2274CE6EA00F619B7 /* Assets.xcassets in Resources */,
			);
			runOnlyForDeploymentPostprocessing = 0;
		};
/* End PBXResourcesBuildPhase section */

/* Begin PBXShellScriptBuildPhase section */
		2A3C82FF057A261BEB646907 /* [CP] Embed Pods Frameworks */ = {
			isa = PBXShellScriptBuildPhase;
			buildActionMask = 2147483647;
			files = (
			);
			inputFileListPaths = (
				"${PODS_ROOT}/Target Support Files/Pods-barcodesdkaggregator/Pods-barcodesdkaggregator-frameworks-${CONFIGURATION}-input-files.xcfilelist",
			);
			name = "[CP] Embed Pods Frameworks";
			outputFileListPaths = (
				"${PODS_ROOT}/Target Support Files/Pods-barcodesdkaggregator/Pods-barcodesdkaggregator-frameworks-${CONFIGURATION}-output-files.xcfilelist",
			);
			runOnlyForDeploymentPostprocessing = 0;
			shellPath = /bin/sh;
			shellScript = "\"${PODS_ROOT}/Target Support Files/Pods-barcodesdkaggregator/Pods-barcodesdkaggregator-frameworks.sh\"\n";
			showEnvVarsInLog = 0;
		};
		B21C701D00F729679BDBD715 /* [CP] Check Pods Manifest.lock */ = {
			isa = PBXShellScriptBuildPhase;
			buildActionMask = 2147483647;
			files = (
			);
			inputFileListPaths = (
			);
			inputPaths = (
				"${PODS_PODFILE_DIR_PATH}/Podfile.lock",
				"${PODS_ROOT}/Manifest.lock",
			);
			name = "[CP] Check Pods Manifest.lock";
			outputFileListPaths = (
			);
			outputPaths = (
				"$(DERIVED_FILE_DIR)/Pods-barcodesdkaggregator-checkManifestLockResult.txt",
			);
			runOnlyForDeploymentPostprocessing = 0;
			shellPath = /bin/sh;
			shellScript = "diff \"${PODS_PODFILE_DIR_PATH}/Podfile.lock\" \"${PODS_ROOT}/Manifest.lock\" > /dev/null\nif [ $? != 0 ] ; then\n    # print error to STDERR\n    echo \"error: The sandbox is not in sync with the Podfile.lock. Run 'pod install' or update your CocoaPods installation.\" >&2\n    exit 1\nfi\n# This output is used by Xcode 'outputs' to avoid re-running this script phase.\necho \"SUCCESS\" > \"${SCRIPT_OUTPUT_FILE_0}\"\n";
			showEnvVarsInLog = 0;
		};
/* End PBXShellScriptBuildPhase section */

/* Begin PBXSourcesBuildPhase section */
		BEE61DA6274CE6E800F619B7 /* Sources */ = {
			isa = PBXSourcesBuildPhase;
			buildActionMask = 2147483647;
			files = (
				BECEDB6A274DDE40003A8578 /* DBR.swift in Sources */,
				BECEDB72274E00A9003A8578 /* MLKit.swift in Sources */,
				BE0B7A402750713D003D0BE5 /* Scandit.swift in Sources */,
				BE2E294C2A3C37DD0087D794 /* DBRLicenseInitializer.swift in Sources */,
				BECEDB68274DDC8D003A8578 /* Aggregator.swift in Sources */,
				BECEDB70274DE774003A8578 /* Reader.swift in Sources */,
				BEE61DB0274CE6E800F619B7 /* ContentView.swift in Sources */,
				BE408BD3276845BD0087F717 /* ZXing.swift in Sources */,
				BEE61DAE274CE6E800F619B7 /* barcodesdkaggregatorApp.swift in Sources */,
				BE565523274F608C006A6DB5 /* Server.swift in Sources */,
				BECEDB74274E09B1003A8578 /* AppleVision.swift in Sources */,
			);
			runOnlyForDeploymentPostprocessing = 0;
		};
/* End PBXSourcesBuildPhase section */

/* Begin XCBuildConfiguration section */
		BEE61DB6274CE6EA00F619B7 /* Debug */ = {
			isa = XCBuildConfiguration;
			buildSettings = {
				ALWAYS_SEARCH_USER_PATHS = NO;
				CLANG_ANALYZER_NONNULL = YES;
				CLANG_ANALYZER_NUMBER_OBJECT_CONVERSION = YES_AGGRESSIVE;
				CLANG_CXX_LANGUAGE_STANDARD = "gnu++17";
				CLANG_CXX_LIBRARY = "libc++";
				CLANG_ENABLE_MODULES = YES;
				CLANG_ENABLE_OBJC_ARC = YES;
				CLANG_ENABLE_OBJC_WEAK = YES;
				CLANG_WARN_BLOCK_CAPTURE_AUTORELEASING = YES;
				CLANG_WARN_BOOL_CONVERSION = YES;
				CLANG_WARN_COMMA = YES;
				CLANG_WARN_CONSTANT_CONVERSION = YES;
				CLANG_WARN_DEPRECATED_OBJC_IMPLEMENTATIONS = YES;
				CLANG_WARN_DIRECT_OBJC_ISA_USAGE = YES_ERROR;
				CLANG_WARN_DOCUMENTATION_COMMENTS = YES;
				CLANG_WARN_EMPTY_BODY = YES;
				CLANG_WARN_ENUM_CONVERSION = YES;
				CLANG_WARN_INFINITE_RECURSION = YES;
				CLANG_WARN_INT_CONVERSION = YES;
				CLANG_WARN_NON_LITERAL_NULL_CONVERSION = YES;
				CLANG_WARN_OBJC_IMPLICIT_RETAIN_SELF = YES;
				CLANG_WARN_OBJC_LITERAL_CONVERSION = YES;
				CLANG_WARN_OBJC_ROOT_CLASS = YES_ERROR;
				CLANG_WARN_QUOTED_INCLUDE_IN_FRAMEWORK_HEADER = YES;
				CLANG_WARN_RANGE_LOOP_ANALYSIS = YES;
				CLANG_WARN_STRICT_PROTOTYPES = YES;
				CLANG_WARN_SUSPICIOUS_MOVE = YES;
				CLANG_WARN_UNGUARDED_AVAILABILITY = YES_AGGRESSIVE;
				CLANG_WARN_UNREACHABLE_CODE = YES;
				CLANG_WARN__DUPLICATE_METHOD_MATCH = YES;
				COPY_PHASE_STRIP = NO;
				DEBUG_INFORMATION_FORMAT = dwarf;
				ENABLE_STRICT_OBJC_MSGSEND = YES;
				ENABLE_TESTABILITY = YES;
				GCC_C_LANGUAGE_STANDARD = gnu11;
				GCC_DYNAMIC_NO_PIC = NO;
				GCC_NO_COMMON_BLOCKS = YES;
				GCC_OPTIMIZATION_LEVEL = 0;
				GCC_PREPROCESSOR_DEFINITIONS = (
					"DEBUG=1",
					"$(inherited)",
				);
				GCC_WARN_64_TO_32_BIT_CONVERSION = YES;
				GCC_WARN_ABOUT_RETURN_TYPE = YES_ERROR;
				GCC_WARN_UNDECLARED_SELECTOR = YES;
				GCC_WARN_UNINITIALIZED_AUTOS = YES_AGGRESSIVE;
				GCC_WARN_UNUSED_FUNCTION = YES;
				GCC_WARN_UNUSED_VARIABLE = YES;
				IPHONEOS_DEPLOYMENT_TARGET = 15.0;
				MTL_ENABLE_DEBUG_INFO = INCLUDE_SOURCE;
				MTL_FAST_MATH = YES;
				ONLY_ACTIVE_ARCH = YES;
				SDKROOT = iphoneos;
				SWIFT_ACTIVE_COMPILATION_CONDITIONS = DEBUG;
				SWIFT_OPTIMIZATION_LEVEL = "-Onone";
			};
			name = Debug;
		};
		BEE61DB7274CE6EA00F619B7 /* Release */ = {
			isa = XCBuildConfiguration;
			buildSettings = {
				ALWAYS_SEARCH_USER_PATHS = NO;
				CLANG_ANALYZER_NONNULL = YES;
				CLANG_ANALYZER_NUMBER_OBJECT_CONVERSION = YES_AGGRESSIVE;
				CLANG_CXX_LANGUAGE_STANDARD = "gnu++17";
				CLANG_CXX_LIBRARY = "libc++";
				CLANG_ENABLE_MODULES = YES;
				CLANG_ENABLE_OBJC_ARC = YES;
				CLANG_ENABLE_OBJC_WEAK = YES;
				CLANG_WARN_BLOCK_CAPTURE_AUTORELEASING = YES;
				CLANG_WARN_BOOL_CONVERSION = YES;
				CLANG_WARN_COMMA = YES;
				CLANG_WARN_CONSTANT_CONVERSION = YES;
				CLANG_WARN_DEPRECATED_OBJC_IMPLEMENTATIONS = YES;
				CLANG_WARN_DIRECT_OBJC_ISA_USAGE = YES_ERROR;
				CLANG_WARN_DOCUMENTATION_COMMENTS = YES;
				CLANG_WARN_EMPTY_BODY = YES;
				CLANG_WARN_ENUM_CONVERSION = YES;
				CLANG_WARN_INFINITE_RECURSION = YES;
				CLANG_WARN_INT_CONVERSION = YES;
				CLANG_WARN_NON_LITERAL_NULL_CONVERSION = YES;
				CLANG_WARN_OBJC_IMPLICIT_RETAIN_SELF = YES;
				CLANG_WARN_OBJC_LITERAL_CONVERSION = YES;
				CLANG_WARN_OBJC_ROOT_CLASS = YES_ERROR;
				CLANG_WARN_QUOTED_INCLUDE_IN_FRAMEWORK_HEADER = YES;
				CLANG_WARN_RANGE_LOOP_ANALYSIS = YES;
				CLANG_WARN_STRICT_PROTOTYPES = YES;
				CLANG_WARN_SUSPICIOUS_MOVE = YES;
				CLANG_WARN_UNGUARDED_AVAILABILITY = YES_AGGRESSIVE;
				CLANG_WARN_UNREACHABLE_CODE = YES;
				CLANG_WARN__DUPLICATE_METHOD_MATCH = YES;
				COPY_PHASE_STRIP = NO;
				DEBUG_INFORMATION_FORMAT = "dwarf-with-dsym";
				ENABLE_NS_ASSERTIONS = NO;
				ENABLE_STRICT_OBJC_MSGSEND = YES;
				GCC_C_LANGUAGE_STANDARD = gnu11;
				GCC_NO_COMMON_BLOCKS = YES;
				GCC_WARN_64_TO_32_BIT_CONVERSION = YES;
				GCC_WARN_ABOUT_RETURN_TYPE = YES_ERROR;
				GCC_WARN_UNDECLARED_SELECTOR = YES;
				GCC_WARN_UNINITIALIZED_AUTOS = YES_AGGRESSIVE;
				GCC_WARN_UNUSED_FUNCTION = YES;
				GCC_WARN_UNUSED_VARIABLE = YES;
				IPHONEOS_DEPLOYMENT_TARGET = 15.0;
				MTL_ENABLE_DEBUG_INFO = NO;
				MTL_FAST_MATH = YES;
				SDKROOT = iphoneos;
				SWIFT_COMPILATION_MODE = wholemodule;
				SWIFT_OPTIMIZATION_LEVEL = "-O";
				VALIDATE_PRODUCT = YES;
			};
			name = Release;
		};
		BEE61DB9274CE6EA00F619B7 /* Debug */ = {
			isa = XCBuildConfiguration;
			baseConfigurationReference = 88024473C72C048497CFCE79 /* Pods-barcodesdkaggregator.debug.xcconfig */;
			buildSettings = {
				ASSETCATALOG_COMPILER_APPICON_NAME = AppIcon;
				ASSETCATALOG_COMPILER_GLOBAL_ACCENT_COLOR_NAME = AccentColor;
				CODE_SIGN_ENTITLEMENTS = barcodesdkaggregator/barcodesdkaggregator.entitlements;
				CODE_SIGN_STYLE = Automatic;
				CURRENT_PROJECT_VERSION = 1;
				DEVELOPMENT_ASSET_PATHS = "\"barcodesdkaggregator/Preview Content\"";
				DEVELOPMENT_TEAM = DD4V7U64L4;
				ENABLE_PREVIEWS = YES;
				GENERATE_INFOPLIST_FILE = YES;
				INFOPLIST_KEY_UIApplicationSceneManifest_Generation = YES;
				INFOPLIST_KEY_UIApplicationSupportsIndirectInputEvents = YES;
				INFOPLIST_KEY_UILaunchScreen_Generation = YES;
				INFOPLIST_KEY_UISupportedInterfaceOrientations_iPad = "UIInterfaceOrientationPortrait UIInterfaceOrientationPortraitUpsideDown UIInterfaceOrientationLandscapeLeft UIInterfaceOrientationLandscapeRight";
				INFOPLIST_KEY_UISupportedInterfaceOrientations_iPhone = "UIInterfaceOrientationPortrait UIInterfaceOrientationLandscapeLeft UIInterfaceOrientationLandscapeRight";
				LD_RUNPATH_SEARCH_PATHS = (
					"$(inherited)",
					"@executable_path/Frameworks",
				);
				MARKETING_VERSION = 1.0;
				PRODUCT_BUNDLE_IDENTIFIER = com.xulihang.barcodeaggregator;
				PRODUCT_NAME = "$(TARGET_NAME)";
				SUPPORTS_MACCATALYST = NO;
				SWIFT_EMIT_LOC_STRINGS = YES;
				SWIFT_VERSION = 5.0;
				TARGETED_DEVICE_FAMILY = "1,2";
			};
			name = Debug;
		};
		BEE61DBA274CE6EA00F619B7 /* Release */ = {
			isa = XCBuildConfiguration;
			baseConfigurationReference = 8D927D8FBF903CBAD3320B87 /* Pods-barcodesdkaggregator.release.xcconfig */;
			buildSettings = {
				ASSETCATALOG_COMPILER_APPICON_NAME = AppIcon;
				ASSETCATALOG_COMPILER_GLOBAL_ACCENT_COLOR_NAME = AccentColor;
				CODE_SIGN_ENTITLEMENTS = barcodesdkaggregator/barcodesdkaggregator.entitlements;
				CODE_SIGN_STYLE = Automatic;
				CURRENT_PROJECT_VERSION = 1;
				DEVELOPMENT_ASSET_PATHS = "\"barcodesdkaggregator/Preview Content\"";
				DEVELOPMENT_TEAM = DD4V7U64L4;
				ENABLE_PREVIEWS = YES;
				GENERATE_INFOPLIST_FILE = YES;
				INFOPLIST_KEY_UIApplicationSceneManifest_Generation = YES;
				INFOPLIST_KEY_UIApplicationSupportsIndirectInputEvents = YES;
				INFOPLIST_KEY_UILaunchScreen_Generation = YES;
				INFOPLIST_KEY_UISupportedInterfaceOrientations_iPad = "UIInterfaceOrientationPortrait UIInterfaceOrientationPortraitUpsideDown UIInterfaceOrientationLandscapeLeft UIInterfaceOrientationLandscapeRight";
				INFOPLIST_KEY_UISupportedInterfaceOrientations_iPhone = "UIInterfaceOrientationPortrait UIInterfaceOrientationLandscapeLeft UIInterfaceOrientationLandscapeRight";
				LD_RUNPATH_SEARCH_PATHS = (
					"$(inherited)",
					"@executable_path/Frameworks",
				);
				MARKETING_VERSION = 1.0;
				PRODUCT_BUNDLE_IDENTIFIER = com.xulihang.barcodeaggregator;
				PRODUCT_NAME = "$(TARGET_NAME)";
				SUPPORTS_MACCATALYST = NO;
				SWIFT_EMIT_LOC_STRINGS = YES;
				SWIFT_VERSION = 5.0;
				TARGETED_DEVICE_FAMILY = "1,2";
			};
			name = Release;
		};
/* End XCBuildConfiguration section */

/* Begin XCConfigurationList section */
		BEE61DA5274CE6E800F619B7 /* Build configuration list for PBXProject "barcodesdkaggregator" */ = {
			isa = XCConfigurationList;
			buildConfigurations = (
				BEE61DB6274CE6EA00F619B7 /* Debug */,
				BEE61DB7274CE6EA00F619B7 /* Release */,
			);
			defaultConfigurationIsVisible = 0;
			defaultConfigurationName = Release;
		};
		BEE61DB8274CE6EA00F619B7 /* Build configuration list for PBXNativeTarget "barcodesdkaggregator" */ = {
			isa = XCConfigurationList;
			buildConfigurations = (
				BEE61DB9274CE6EA00F619B7 /* Debug */,
				BEE61DBA274CE6EA00F619B7 /* Release */,
			);
			defaultConfigurationIsVisible = 0;
			defaultConfigurationName = Release;
		};
/* End XCConfigurationList section */
	};
	rootObject = BEE61DA2274CE6E800F619B7 /* Project object */;
}
